
Microsoft Visual Studio Solution File, Format Version 12.00
# Visual Studio Version 17
VisualStudioVersion = 17.3.32922.545
MinimumVisualStudioVersion = 10.0.40219.1
Project("{FAE04EC0-301F-11D3-BF4B-00C04F79EFBC}") = "CardLinq", "CardLinq.csproj", "{9C4AE93A-0909-4056-BD6E-51DFAF280DF7}"
EndProject
Global
	GlobalSection(SolutionConfigurationPlatforms) = preSolution
		Debug|Any CPU = Debug|Any CPU
		Release|Any CPU = Release|Any CPU
	EndGlobalSection
	GlobalSection(ProjectConfigurationPlatforms) = postSolution
		{9C4AE93A-0909-4056-BD6E-51DFAF280DF7}.Debug|Any CPU.ActiveCfg = Debug|Any CPU
		{9C4AE93A-0909-4056-BD6E-51DFAF280DF7}.Debug|Any CPU.Build.0 = Debug|Any CPU
		{9C4AE93A-0909-4056-BD6E-51DFAF280DF7}.Release|Any CPU.ActiveCfg = Release|Any CPU
		{9C4AE93A-0909-4056-BD6E-51DFAF280DF7}.Release|Any CPU.Build.0 = Release|Any CPU
	EndGlobalSection
	GlobalSection(SolutionProperties) = preSolution
		HideSolutionNode = FALSE
	EndGlobalSection
	GlobalSection(ExtensibilityGlobals) = postSolution
		SolutionGuid = {D5B36865-4C41-4345-BCBE-7DC4851F2D6C}
	EndGlobalSection
EndGlobal
